// !$*UTF8*$!
{
	archiveVersion = 1;
	classes = {
	};
	objectVersion = 46;
	objects = {

/* Begin PBXFileReference section */
		755F874C1F273ECB00871895 /* global.conf.in */ = {isa = PBXFileReference; fileEncoding = 4; lastKnownFileType = text; path = global.conf.in; sourceTree = "<group>"; };
		755F874E1F27878800871895 /* mod_md.xml */ = {isa = PBXFileReference; fileEncoding = 4; lastKnownFileType = text.xml; path = mod_md.xml; sourceTree = "<group>"; };
		758B85541F261AB10076B27A /* httpd_http.conf.in */ = {isa = PBXFileReference; fileEncoding = 4; lastKnownFileType = text; path = httpd_http.conf.in; sourceTree = "<group>"; };
		758B85551F261AB10076B27A /* httpd_https.conf.in */ = {isa = PBXFileReference; fileEncoding = 4; lastKnownFileType = text; path = httpd_https.conf.in; sourceTree = "<group>"; };
		758B85561F263F740076B27A /* renew_10.conf */ = {isa = PBXFileReference; fileEncoding = 4; lastKnownFileType = text; path = renew_10.conf; sourceTree = "<group>"; };
		758B85571F263F740076B27A /* renew_30.conf */ = {isa = PBXFileReference; fileEncoding = 4; lastKnownFileType = text; path = renew_30.conf; sourceTree = "<group>"; };
		75EDD0811F13BE96003CBD39 /* test_0600_roundtrip.py */ = {isa = PBXFileReference; fileEncoding = 4; lastKnownFileType = text.script.python; path = test_0600_roundtrip.py; sourceTree = "<group>"; };
		75EDD0821F14E75A003CBD39 /* expired_cert.pem */ = {isa = PBXFileReference; fileEncoding = 4; lastKnownFileType = text; path = expired_cert.pem; sourceTree = "<group>"; };
		75EDD0831F14E75A003CBD39 /* expired_pkey.pem */ = {isa = PBXFileReference; fileEncoding = 4; lastKnownFileType = text; path = expired_pkey.pem; sourceTree = "<group>"; };
		75EDD0861F15063B003CBD39 /* one_md_caps.conf */ = {isa = PBXFileReference; fileEncoding = 4; lastKnownFileType = text; path = one_md_caps.conf; sourceTree = "<group>"; };
		75EDD0871F15064A003CBD39 /* test_013.conf */ = {isa = PBXFileReference; fileEncoding = 4; lastKnownFileType = text; path = test_013.conf; sourceTree = "<group>"; };
		75EDD0881F1CA2D4003CBD39 /* drive_auto.conf */ = {isa = PBXFileReference; fileEncoding = 4; lastKnownFileType = text; path = drive_auto.conf; sourceTree = "<group>"; };
		75EDD0891F1CA2D4003CBD39 /* drive_manual.conf */ = {isa = PBXFileReference; fileEncoding = 4; lastKnownFileType = text; path = drive_manual.conf; sourceTree = "<group>"; };
		75EDD08A1F1CFF0D003CBD39 /* two_mds_vhosts_ca.conf */ = {isa = PBXFileReference; fileEncoding = 4; lastKnownFileType = text; path = two_mds_vhosts_ca.conf; sourceTree = "<group>"; };
		B20333361EDDA82300E5BE7E /* test_0001_store.py */ = {isa = PBXFileReference; lastKnownFileType = text.script.python; path = test_0001_store.py; sourceTree = "<group>"; };
		B20333371EDDA82300E5BE7E /* test_0200_acme_regs.py */ = {isa = PBXFileReference; lastKnownFileType = text.script.python; path = test_0200_acme_regs.py; sourceTree = "<group>"; };
		B20333381EDDA82300E5BE7E /* test_0210_acme_tos.py */ = {isa = PBXFileReference; lastKnownFileType = text.script.python; path = test_0210_acme_tos.py; sourceTree = "<group>"; };
		B20333391EDDA82300E5BE7E /* test_0220_acme_authz.py */ = {isa = PBXFileReference; lastKnownFileType = text.script.python; path = test_0220_acme_authz.py; sourceTree = "<group>"; };
		B2123B8C1F2DD7A200267CAF /* main.c */ = {isa = PBXFileReference; fileEncoding = 4; lastKnownFileType = sourcecode.c.c; path = main.c; sourceTree = "<group>"; };
		B2123B8D1F2DD7A200267CAF /* test_md_json.c */ = {isa = PBXFileReference; fileEncoding = 4; lastKnownFileType = sourcecode.c.c; path = test_md_json.c; sourceTree = "<group>"; };
		B2123B8E1F2DD7A200267CAF /* test_common.h */ = {isa = PBXFileReference; fileEncoding = 4; lastKnownFileType = sourcecode.c.h; path = test_common.h; sourceTree = "<group>"; };
		B24052151EF9145000E36701 /* md_core.c */ = {isa = PBXFileReference; fileEncoding = 4; lastKnownFileType = sourcecode.c.c; path = md_core.c; sourceTree = "<group>"; };
		B24052161EF9145000E36701 /* md_crypt.c */ = {isa = PBXFileReference; fileEncoding = 4; lastKnownFileType = sourcecode.c.c; path = md_crypt.c; sourceTree = "<group>"; };
		B24052171EF9145000E36701 /* md_crypt.h */ = {isa = PBXFileReference; fileEncoding = 4; lastKnownFileType = sourcecode.c.h; path = md_crypt.h; sourceTree = "<group>"; };
		B24052181EF9145000E36701 /* md_http.c */ = {isa = PBXFileReference; fileEncoding = 4; lastKnownFileType = sourcecode.c.c; path = md_http.c; sourceTree = "<group>"; };
		B24052191EF9145000E36701 /* md_http.h */ = {isa = PBXFileReference; fileEncoding = 4; lastKnownFileType = sourcecode.c.h; path = md_http.h; sourceTree = "<group>"; };
		B240521A1EF9145000E36701 /* md_json.c */ = {isa = PBXFileReference; fileEncoding = 4; lastKnownFileType = sourcecode.c.c; path = md_json.c; sourceTree = "<group>"; };
		B240521B1EF9145000E36701 /* md_json.h */ = {isa = PBXFileReference; fileEncoding = 4; lastKnownFileType = sourcecode.c.h; path = md_json.h; sourceTree = "<group>"; };
		B240521C1EF9145000E36701 /* md_jws.c */ = {isa = PBXFileReference; fileEncoding = 4; lastKnownFileType = sourcecode.c.c; path = md_jws.c; sourceTree = "<group>"; };
		B240521D1EF9145000E36701 /* md_jws.h */ = {isa = PBXFileReference; fileEncoding = 4; lastKnownFileType = sourcecode.c.h; path = md_jws.h; sourceTree = "<group>"; };
		B240521E1EF9145000E36701 /* md_log.c */ = {isa = PBXFileReference; fileEncoding = 4; lastKnownFileType = sourcecode.c.c; path = md_log.c; sourceTree = "<group>"; };
		B240521F1EF9145000E36701 /* md_log.h */ = {isa = PBXFileReference; fileEncoding = 4; lastKnownFileType = sourcecode.c.h; path = md_log.h; sourceTree = "<group>"; };
		B24052201EF9145000E36701 /* mod_md_private.h */ = {isa = PBXFileReference; fileEncoding = 4; lastKnownFileType = sourcecode.c.h; path = mod_md_private.h; sourceTree = "<group>"; };
		B24052211EF9145000E36701 /* md_reg.c */ = {isa = PBXFileReference; fileEncoding = 4; lastKnownFileType = sourcecode.c.c; path = md_reg.c; sourceTree = "<group>"; };
		B24052221EF9145000E36701 /* md_reg.h */ = {isa = PBXFileReference; fileEncoding = 4; lastKnownFileType = sourcecode.c.h; path = md_reg.h; sourceTree = "<group>"; };
		B24052241EF9145000E36701 /* md_store.h */ = {isa = PBXFileReference; fileEncoding = 4; lastKnownFileType = sourcecode.c.h; path = md_store.h; sourceTree = "<group>"; };
		B24052251EF9145000E36701 /* md_util.c */ = {isa = PBXFileReference; fileEncoding = 4; lastKnownFileType = sourcecode.c.c; path = md_util.c; sourceTree = "<group>"; };
		B24052261EF9145000E36701 /* md_util.h */ = {isa = PBXFileReference; fileEncoding = 4; lastKnownFileType = sourcecode.c.h; path = md_util.h; sourceTree = "<group>"; };
		B24052271EF9145000E36701 /* md_version.h */ = {isa = PBXFileReference; fileEncoding = 4; lastKnownFileType = sourcecode.c.h; path = md_version.h; sourceTree = "<group>"; };
		B24052281EF9145000E36701 /* md_version.h.in */ = {isa = PBXFileReference; fileEncoding = 4; lastKnownFileType = text; path = md_version.h.in; sourceTree = "<group>"; };
		B24052291EF9145000E36701 /* md.h */ = {isa = PBXFileReference; fileEncoding = 4; lastKnownFileType = sourcecode.c.h; path = md.h; sourceTree = "<group>"; };
		B255730A1EE6CF6100E0B132 /* test_0100_reg_add.py */ = {isa = PBXFileReference; fileEncoding = 4; lastKnownFileType = text.script.python; path = test_0100_reg_add.py; sourceTree = "<group>"; };
		B255730B1EE6CF6100E0B132 /* test_0110_reg_update.py */ = {isa = PBXFileReference; fileEncoding = 4; lastKnownFileType = text.script.python; path = test_0110_reg_update.py; sourceTree = "<group>"; };
		B255730C1EE6D11200E0B132 /* test_base.py */ = {isa = PBXFileReference; fileEncoding = 4; lastKnownFileType = text.script.python; path = test_base.py; sourceTree = "<group>"; };
		B255730D1EE956B000E0B132 /* test_0500_drive.py */ = {isa = PBXFileReference; fileEncoding = 4; lastKnownFileType = text.script.python; path = test_0500_drive.py; sourceTree = "<group>"; };
		B262F6D01EFCFE1100D396A1 /* one_md.conf */ = {isa = PBXFileReference; fileEncoding = 4; lastKnownFileType = text; path = one_md.conf; sourceTree = "<group>"; };
		B262F6D11EFCFE1100D396A1 /* two_mds.conf */ = {isa = PBXFileReference; fileEncoding = 4; lastKnownFileType = text; path = two_mds.conf; sourceTree = "<group>"; };
		B262F6D31EFCFE1100D396A1 /* test_001.conf */ = {isa = PBXFileReference; fileEncoding = 4; lastKnownFileType = text; path = test_001.conf; sourceTree = "<group>"; };
		B262F6D41EFCFE1100D396A1 /* test_002.conf */ = {isa = PBXFileReference; fileEncoding = 4; lastKnownFileType = text; path = test_002.conf; sourceTree = "<group>"; };
		B262F6D51EFCFE1100D396A1 /* test_003.conf */ = {isa = PBXFileReference; fileEncoding = 4; lastKnownFileType = text; path = test_003.conf; sourceTree = "<group>"; };
		B262F6D61EFCFE1100D396A1 /* test_004.conf */ = {isa = PBXFileReference; fileEncoding = 4; lastKnownFileType = text; path = test_004.conf; sourceTree = "<group>"; };
		B262F6D71EFCFE1100D396A1 /* test_005.conf */ = {isa = PBXFileReference; fileEncoding = 4; lastKnownFileType = text; path = test_005.conf; sourceTree = "<group>"; };
		B262F6D81EFCFE1100D396A1 /* test_006.conf */ = {isa = PBXFileReference; fileEncoding = 4; lastKnownFileType = text; path = test_006.conf; sourceTree = "<group>"; };
		B262F6D91EFCFE1100D396A1 /* test_007.conf */ = {isa = PBXFileReference; fileEncoding = 4; lastKnownFileType = text; path = test_007.conf; sourceTree = "<group>"; };
		B262F6DA1EFCFE1100D396A1 /* test_008.conf */ = {isa = PBXFileReference; fileEncoding = 4; lastKnownFileType = text; path = test_008.conf; sourceTree = "<group>"; };
		B262F6DB1EFCFE1100D396A1 /* test_009.conf */ = {isa = PBXFileReference; fileEncoding = 4; lastKnownFileType = text; path = test_009.conf; sourceTree = "<group>"; };
		B262F6DC1EFCFE1100D396A1 /* test_010.conf */ = {isa = PBXFileReference; fileEncoding = 4; lastKnownFileType = text; path = test_010.conf; sourceTree = "<group>"; };
		B262F6DD1EFCFE1100D396A1 /* test_011.conf */ = {isa = PBXFileReference; fileEncoding = 4; lastKnownFileType = text; path = test_011.conf; sourceTree = "<group>"; };
		B262F6DE1EFCFE1100D396A1 /* test_012.conf */ = {isa = PBXFileReference; fileEncoding = 4; lastKnownFileType = text; path = test_012.conf; sourceTree = "<group>"; };
		B262F6E01EFCFE1100D396A1 /* test1.example.org.conf */ = {isa = PBXFileReference; fileEncoding = 4; lastKnownFileType = text; path = test1.example.org.conf; sourceTree = "<group>"; };
		B292B2731F2F7C0000FA0E35 /* test_md_util.c */ = {isa = PBXFileReference; fileEncoding = 4; lastKnownFileType = sourcecode.c.c; path = test_md_util.c; sourceTree = "<group>"; };
		B2B330051F39E1D300579179 /* md_acme_acct.c */ = {isa = PBXFileReference; fileEncoding = 4; lastKnownFileType = sourcecode.c.c; path = md_acme_acct.c; sourceTree = "<group>"; };
		B2B330061F39E1D300579179 /* md_acme_acct.h */ = {isa = PBXFileReference; fileEncoding = 4; lastKnownFileType = sourcecode.c.h; path = md_acme_acct.h; sourceTree = "<group>"; };
		B2B330071F39E1D300579179 /* md_acme_authz.c */ = {isa = PBXFileReference; fileEncoding = 4; lastKnownFileType = sourcecode.c.c; path = md_acme_authz.c; sourceTree = "<group>"; };
		B2B330081F39E1D300579179 /* md_acme_authz.h */ = {isa = PBXFileReference; fileEncoding = 4; lastKnownFileType = sourcecode.c.h; path = md_acme_authz.h; sourceTree = "<group>"; };
		B2B330091F39E1D300579179 /* md_acme_drive.c */ = {isa = PBXFileReference; fileEncoding = 4; lastKnownFileType = sourcecode.c.c; path = md_acme_drive.c; sourceTree = "<group>"; };
		B2B3300A1F39E1D300579179 /* md_acme.c */ = {isa = PBXFileReference; fileEncoding = 4; lastKnownFileType = sourcecode.c.c; path = md_acme.c; sourceTree = "<group>"; };
		B2B3300B1F39E1D400579179 /* md_acme.h */ = {isa = PBXFileReference; fileEncoding = 4; lastKnownFileType = sourcecode.c.h; path = md_acme.h; sourceTree = "<group>"; };
		B2B3300C1F39E5BD00579179 /* mod_md_config.c */ = {isa = PBXFileReference; fileEncoding = 4; lastKnownFileType = sourcecode.c.c; path = mod_md_config.c; sourceTree = "<group>"; };
		B2B3300D1F39E5BD00579179 /* mod_md_config.h */ = {isa = PBXFileReference; fileEncoding = 4; lastKnownFileType = sourcecode.c.h; path = mod_md_config.h; sourceTree = "<group>"; };
		B2B3300E1F39E5BD00579179 /* mod_md_os.c */ = {isa = PBXFileReference; fileEncoding = 4; lastKnownFileType = sourcecode.c.c; path = mod_md_os.c; sourceTree = "<group>"; };
		B2B3300F1F39E5BD00579179 /* mod_md_os.h */ = {isa = PBXFileReference; fileEncoding = 4; lastKnownFileType = sourcecode.c.h; path = mod_md_os.h; sourceTree = "<group>"; };
		B2B330101F39E5BD00579179 /* mod_md.c */ = {isa = PBXFileReference; fileEncoding = 4; lastKnownFileType = sourcecode.c.c; path = mod_md.c; sourceTree = "<group>"; };
		B2B330111F39E5BD00579179 /* mod_md.h */ = {isa = PBXFileReference; fileEncoding = 4; lastKnownFileType = sourcecode.c.h; path = mod_md.h; sourceTree = "<group>"; };
		B2B330121F39E9D500579179 /* md_cmd_acme.c */ = {isa = PBXFileReference; fileEncoding = 4; lastKnownFileType = sourcecode.c.c; path = md_cmd_acme.c; sourceTree = "<group>"; };
		B2B330131F39E9D500579179 /* md_cmd_acme.h */ = {isa = PBXFileReference; fileEncoding = 4; lastKnownFileType = sourcecode.c.h; path = md_cmd_acme.h; sourceTree = "<group>"; };
		B2B330141F39E9D500579179 /* md_cmd_main.c */ = {isa = PBXFileReference; fileEncoding = 4; lastKnownFileType = sourcecode.c.c; path = md_cmd_main.c; sourceTree = "<group>"; };
		B2B330151F39E9D500579179 /* md_cmd_reg.c */ = {isa = PBXFileReference; fileEncoding = 4; lastKnownFileType = sourcecode.c.c; path = md_cmd_reg.c; sourceTree = "<group>"; };
		B2B330161F39E9D500579179 /* md_cmd_reg.h */ = {isa = PBXFileReference; fileEncoding = 4; lastKnownFileType = sourcecode.c.h; path = md_cmd_reg.h; sourceTree = "<group>"; };
		B2B330171F39E9D500579179 /* md_cmd_store.c */ = {isa = PBXFileReference; fileEncoding = 4; lastKnownFileType = sourcecode.c.c; path = md_cmd_store.c; sourceTree = "<group>"; };
		B2B330181F39E9D500579179 /* md_cmd_store.h */ = {isa = PBXFileReference; fileEncoding = 4; lastKnownFileType = sourcecode.c.h; path = md_cmd_store.h; sourceTree = "<group>"; };
		B2B330191F39E9D500579179 /* md_cmd.h */ = {isa = PBXFileReference; fileEncoding = 4; lastKnownFileType = sourcecode.c.h; path = md_cmd.h; sourceTree = "<group>"; };
		B2B81E8D1F0A907900E35CA3 /* empty.conf */ = {isa = PBXFileReference; fileEncoding = 4; lastKnownFileType = text; path = empty.conf; sourceTree = "<group>"; };
		B2B81E8E1F0A907900E35CA3 /* one_md_ca.conf */ = {isa = PBXFileReference; fileEncoding = 4; lastKnownFileType = text; path = one_md_ca.conf; sourceTree = "<group>"; };
		B2B81E8F1F0A907900E35CA3 /* one_md_admin.conf */ = {isa = PBXFileReference; fileEncoding = 4; lastKnownFileType = text; path = one_md_admin.conf; sourceTree = "<group>"; };
		B2B81E901F0A907900E35CA3 /* two_mds_vhosts.conf */ = {isa = PBXFileReference; fileEncoding = 4; lastKnownFileType = text; path = two_mds_vhosts.conf; sourceTree = "<group>"; };
		B2B81E911F0A907900E35CA3 /* one_md_ca_admin.conf */ = {isa = PBXFileReference; fileEncoding = 4; lastKnownFileType = text; path = one_md_ca_admin.conf; sourceTree = "<group>"; };
		B2B81E931F0BB4F300E35CA3 /* Makefile.am */ = {isa = PBXFileReference; fileEncoding = 4; lastKnownFileType = text; path = Makefile.am; sourceTree = "<group>"; };
		B2B81EA71F0E35B000E35CA3 /* test_0120_reg_list.py */ = {isa = PBXFileReference; fileEncoding = 4; lastKnownFileType = text.script.python; path = test_0120_reg_list.py; sourceTree = "<group>"; };
		B2B81EA81F0E35B000E35CA3 /* test_0300_conf_validate.py */ = {isa = PBXFileReference; fileEncoding = 4; lastKnownFileType = text.script.python; path = test_0300_conf_validate.py; sourceTree = "<group>"; };
		B2B81EA91F0E35B000E35CA3 /* test_0310_conf_store.py */ = {isa = PBXFileReference; fileEncoding = 4; lastKnownFileType = text.script.python; path = test_0310_conf_store.py; sourceTree = "<group>"; };
		B2B81EBE1F0F981C00E35CA3 /* md_store_fs.c */ = {isa = PBXFileReference; lastKnownFileType = sourcecode.c.c; path = md_store_fs.c; sourceTree = "<group>"; };
		B2B81EBF1F0F981C00E35CA3 /* md_store_fs.h */ = {isa = PBXFileReference; lastKnownFileType = sourcecode.c.h; path = md_store_fs.h; sourceTree = "<group>"; };
		B2B81EC01F0F998F00E35CA3 /* md_store.c */ = {isa = PBXFileReference; fileEncoding = 4; lastKnownFileType = sourcecode.c.c; path = md_store.c; sourceTree = "<group>"; };
		B2B81EC11F0FAC2000E35CA3 /* other_base.conf */ = {isa = PBXFileReference; fileEncoding = 4; lastKnownFileType = text; path = other_base.conf; sourceTree = "<group>"; };
		B2B81ECB1F13830600E35CA3 /* req_exts.conf */ = {isa = PBXFileReference; fileEncoding = 4; lastKnownFileType = text; path = req_exts.conf; sourceTree = "<group>"; };
		B2B81ECC1F13830600E35CA3 /* req_template.conf */ = {isa = PBXFileReference; fileEncoding = 4; lastKnownFileType = text; path = req_template.conf; sourceTree = "<group>"; };
		B2B81ED01F13B74B00E35CA3 /* mytest.org.conf */ = {isa = PBXFileReference; fileEncoding = 4; lastKnownFileType = text; path = mytest.org.conf; sourceTree = "<group>"; };
		B2B81ED11F164AA600E35CA3 /* md_curl.c */ = {isa = PBXFileReference; fileEncoding = 4; lastKnownFileType = sourcecode.c.c; path = md_curl.c; sourceTree = "<group>"; };
		B2B81ED21F164AA600E35CA3 /* md_curl.h */ = {isa = PBXFileReference; fileEncoding = 4; lastKnownFileType = sourcecode.c.h; path = md_curl.h; sourceTree = "<group>"; };
		B2B81ED41F165F8300E35CA3 /* index.html */ = {isa = PBXFileReference; fileEncoding = 4; lastKnownFileType = text.html; path = index.html; sourceTree = "<group>"; };
		B2B81ED71F17BF3200E35CA3 /* test_0700_auto.py */ = {isa = PBXFileReference; fileEncoding = 4; lastKnownFileType = text.script.python; path = test_0700_auto.py; sourceTree = "<group>"; };
		B2D309A01EBA229F007BECC8 /* AUTHORS */ = {isa = PBXFileReference; lastKnownFileType = text; path = AUTHORS; sourceTree = SOURCE_ROOT; };
		B2D309A11EBA229F007BECC8 /* ChangeLog */ = {isa = PBXFileReference; lastKnownFileType = text; path = ChangeLog; sourceTree = SOURCE_ROOT; };
		B2D309A21EBA229F007BECC8 /* configure.ac */ = {isa = PBXFileReference; lastKnownFileType = text; path = configure.ac; sourceTree = SOURCE_ROOT; };
		B2D309A31EBA229F007BECC8 /* COPYING */ = {isa = PBXFileReference; lastKnownFileType = text; path = COPYING; sourceTree = SOURCE_ROOT; };
		B2D309A41EBA229F007BECC8 /* DISCUSS */ = {isa = PBXFileReference; lastKnownFileType = text; path = DISCUSS; sourceTree = SOURCE_ROOT; };
		B2D309A51EBA229F007BECC8 /* INSTALL */ = {isa = PBXFileReference; lastKnownFileType = text; path = INSTALL; sourceTree = SOURCE_ROOT; };
		B2D309A61EBA229F007BECC8 /* LICENSE */ = {isa = PBXFileReference; lastKnownFileType = text; path = LICENSE; sourceTree = SOURCE_ROOT; };
		B2D309A71EBA229F007BECC8 /* Makefile.am */ = {isa = PBXFileReference; lastKnownFileType = text; path = Makefile.am; sourceTree = SOURCE_ROOT; };
		B2D309A81EBA229F007BECC8 /* NEWS */ = {isa = PBXFileReference; lastKnownFileType = text; path = NEWS; sourceTree = SOURCE_ROOT; };
		B2D309A91EBA229F007BECC8 /* README */ = {isa = PBXFileReference; lastKnownFileType = text; path = README; sourceTree = SOURCE_ROOT; };
		B2D309AA1EBA229F007BECC8 /* README.md */ = {isa = PBXFileReference; lastKnownFileType = net.daringfireball.markdown; path = README.md; sourceTree = SOURCE_ROOT; };
		B2D309F71EC1AD26007BECC8 /* test.ini.in */ = {isa = PBXFileReference; lastKnownFileType = text; path = test.ini.in; sourceTree = "<group>"; };
		B2D31AEC1EC1B506007BECC8 /* mime.types */ = {isa = PBXFileReference; lastKnownFileType = text; path = mime.types; sourceTree = "<group>"; };
		B2D31AED1EC1B506007BECC8 /* test.conf */ = {isa = PBXFileReference; lastKnownFileType = text; path = test.conf; sourceTree = "<group>"; };
		B2D31AF41EC1B5C6007BECC8 /* modules.conf.in */ = {isa = PBXFileReference; lastKnownFileType = text; path = modules.conf.in; sourceTree = "<group>"; };
		B2D31B071EC33CBE007BECC8 /* Makefile.am */ = {isa = PBXFileReference; lastKnownFileType = text; path = Makefile.am; sourceTree = "<group>"; };
/* End PBXFileReference section */

/* Begin PBXGroup section */
		755F874D1F27875D00871895 /* docs */ = {
			isa = PBXGroup;
			children = (
				755F874E1F27878800871895 /* mod_md.xml */,
			);
			path = docs;
			sourceTree = SOURCE_ROOT;
		};
		75EDD0841F14E76E003CBD39 /* test_roundtrip */ = {
			isa = PBXGroup;
			children = (
			);
			path = test_roundtrip;
			sourceTree = "<group>";
		};
		B2123B851F2DD7A200267CAF /* unit */ = {
			isa = PBXGroup;
			children = (
				B2123B8C1F2DD7A200267CAF /* main.c */,
				B2123B8D1F2DD7A200267CAF /* test_md_json.c */,
				B292B2731F2F7C0000FA0E35 /* test_md_util.c */,
				B2123B8E1F2DD7A200267CAF /* test_common.h */,
			);
			path = unit;
			sourceTree = "<group>";
		};
		B262F6CD1EFCFE1100D396A1 /* data */ = {
			isa = PBXGroup;
			children = (
				B2B81EC81F13830600E35CA3 /* ssl */,
				B262F6CE1EFCFE1100D396A1 /* test_conf_store */,
				B262F6D21EFCFE1100D396A1 /* test_conf_validate */,
				B262F6DF1EFCFE1100D396A1 /* test_drive */,
				75EDD0841F14E76E003CBD39 /* test_roundtrip */,
			);
			path = data;
			sourceTree = "<group>";
		};
		B262F6CE1EFCFE1100D396A1 /* test_conf_store */ = {
			isa = PBXGroup;
			children = (
				75EDD0881F1CA2D4003CBD39 /* drive_auto.conf */,
				75EDD0891F1CA2D4003CBD39 /* drive_manual.conf */,
				B2B81E8D1F0A907900E35CA3 /* empty.conf */,
				B262F6D01EFCFE1100D396A1 /* one_md.conf */,
				B2B81E8F1F0A907900E35CA3 /* one_md_admin.conf */,
				B2B81E8E1F0A907900E35CA3 /* one_md_ca.conf */,
				B2B81E911F0A907900E35CA3 /* one_md_ca_admin.conf */,
				75EDD0861F15063B003CBD39 /* one_md_caps.conf */,
				758B85561F263F740076B27A /* renew_10.conf */,
				758B85571F263F740076B27A /* renew_30.conf */,
				B262F6D11EFCFE1100D396A1 /* two_mds.conf */,
				B2B81E901F0A907900E35CA3 /* two_mds_vhosts.conf */,
				75EDD08A1F1CFF0D003CBD39 /* two_mds_vhosts_ca.conf */,
				B2B81EC11F0FAC2000E35CA3 /* other_base.conf */,
			);
			path = test_conf_store;
			sourceTree = "<group>";
		};
		B262F6D21EFCFE1100D396A1 /* test_conf_validate */ = {
			isa = PBXGroup;
			children = (
				B262F6D31EFCFE1100D396A1 /* test_001.conf */,
				B262F6D41EFCFE1100D396A1 /* test_002.conf */,
				B262F6D51EFCFE1100D396A1 /* test_003.conf */,
				B262F6D61EFCFE1100D396A1 /* test_004.conf */,
				B262F6D71EFCFE1100D396A1 /* test_005.conf */,
				B262F6D81EFCFE1100D396A1 /* test_006.conf */,
				B262F6D91EFCFE1100D396A1 /* test_007.conf */,
				B262F6DA1EFCFE1100D396A1 /* test_008.conf */,
				B262F6DB1EFCFE1100D396A1 /* test_009.conf */,
				B262F6DC1EFCFE1100D396A1 /* test_010.conf */,
				B262F6DD1EFCFE1100D396A1 /* test_011.conf */,
				B262F6DE1EFCFE1100D396A1 /* test_012.conf */,
				75EDD0871F15064A003CBD39 /* test_013.conf */,
			);
			path = test_conf_validate;
			sourceTree = "<group>";
		};
		B262F6DF1EFCFE1100D396A1 /* test_drive */ = {
			isa = PBXGroup;
			children = (
				B262F6E01EFCFE1100D396A1 /* test1.example.org.conf */,
			);
			path = test_drive;
			sourceTree = "<group>";
		};
		B2B81EC81F13830600E35CA3 /* ssl */ = {
			isa = PBXGroup;
			children = (
				75EDD0821F14E75A003CBD39 /* expired_cert.pem */,
				75EDD0831F14E75A003CBD39 /* expired_pkey.pem */,
				B2B81ECB1F13830600E35CA3 /* req_exts.conf */,
				B2B81ECC1F13830600E35CA3 /* req_template.conf */,
			);
			path = ssl;
			sourceTree = "<group>";
		};
		B2B81ED31F165F8300E35CA3 /* htdocs */ = {
			isa = PBXGroup;
			children = (
				B2B81ED41F165F8300E35CA3 /* index.html */,
			);
			path = htdocs;
			sourceTree = "<group>";
		};
		B2D3099E1EBA227F007BECC8 /* /Users/sei/projects/mod_cert/mod_cert.xcodeproj */ = {
			isa = PBXGroup;
			children = (
				755F874D1F27875D00871895 /* docs */,
				B2D309A01EBA229F007BECC8 /* AUTHORS */,
				B2D309A11EBA229F007BECC8 /* ChangeLog */,
				B2D309A21EBA229F007BECC8 /* configure.ac */,
				B2D309A31EBA229F007BECC8 /* COPYING */,
				B2D309A41EBA229F007BECC8 /* DISCUSS */,
				B2D309A51EBA229F007BECC8 /* INSTALL */,
				B2D309A61EBA229F007BECC8 /* LICENSE */,
				B2D309A71EBA229F007BECC8 /* Makefile.am */,
				B2D309A81EBA229F007BECC8 /* NEWS */,
				B2D309A91EBA229F007BECC8 /* README */,
				B2D309AA1EBA229F007BECC8 /* README.md */,
				B2D31B061EC33CBE007BECC8 /* src */,
				B2D309EF1EC1AD26007BECC8 /* test */,
			);
			path = /Users/sei/projects/mod_cert/mod_cert.xcodeproj;
			sourceTree = "<absolute>";
		};
		B2D309EF1EC1AD26007BECC8 /* test */ = {
			isa = PBXGroup;
			children = (
				B2123B851F2DD7A200267CAF /* unit */,
				B2D31AEA1EC1B506007BECC8 /* conf */,
				B262F6CD1EFCFE1100D396A1 /* data */,
				B2B81ED31F165F8300E35CA3 /* htdocs */,
				B2B81E931F0BB4F300E35CA3 /* Makefile.am */,
				B20333361EDDA82300E5BE7E /* test_0001_store.py */,
				B255730A1EE6CF6100E0B132 /* test_0100_reg_add.py */,
				B255730B1EE6CF6100E0B132 /* test_0110_reg_update.py */,
				B2B81EA71F0E35B000E35CA3 /* test_0120_reg_list.py */,
				B20333371EDDA82300E5BE7E /* test_0200_acme_regs.py */,
				B20333381EDDA82300E5BE7E /* test_0210_acme_tos.py */,
				B20333391EDDA82300E5BE7E /* test_0220_acme_authz.py */,
				B2B81EA81F0E35B000E35CA3 /* test_0300_conf_validate.py */,
				B2B81EA91F0E35B000E35CA3 /* test_0310_conf_store.py */,
				B255730D1EE956B000E0B132 /* test_0500_drive.py */,
				75EDD0811F13BE96003CBD39 /* test_0600_roundtrip.py */,
				B2B81ED71F17BF3200E35CA3 /* test_0700_auto.py */,
				B2D309F71EC1AD26007BECC8 /* test.ini.in */,
				B255730C1EE6D11200E0B132 /* test_base.py */,
			);
			path = test;
			sourceTree = SOURCE_ROOT;
		};
		B2D31AEA1EC1B506007BECC8 /* conf */ = {
			isa = PBXGroup;
			children = (
				755F874C1F273ECB00871895 /* global.conf.in */,
				758B85541F261AB10076B27A /* httpd_http.conf.in */,
				758B85551F261AB10076B27A /* httpd_https.conf.in */,
				B2D31AEC1EC1B506007BECC8 /* mime.types */,
				B2D31AF41EC1B5C6007BECC8 /* modules.conf.in */,
				B2B81ED01F13B74B00E35CA3 /* mytest.org.conf */,
				B2D31AED1EC1B506007BECC8 /* test.conf */,
			);
			path = conf;
			sourceTree = "<group>";
		};
		B2D31B061EC33CBE007BECC8 /* src */ = {
			isa = PBXGroup;
			children = (
				B2D31B071EC33CBE007BECC8 /* Makefile.am */,
				B2B330051F39E1D300579179 /* md_acme_acct.c */,
				B2B330061F39E1D300579179 /* md_acme_acct.h */,
				B2B330071F39E1D300579179 /* md_acme_authz.c */,
				B2B330081F39E1D300579179 /* md_acme_authz.h */,
				B2B330091F39E1D300579179 /* md_acme_drive.c */,
				B2B3300A1F39E1D300579179 /* md_acme.c */,
				B2B3300B1F39E1D400579179 /* md_acme.h */,
				B2B330121F39E9D500579179 /* md_cmd_acme.c */,
				B2B330131F39E9D500579179 /* md_cmd_acme.h */,
				B2B330141F39E9D500579179 /* md_cmd_main.c */,
				B2B330151F39E9D500579179 /* md_cmd_reg.c */,
				B2B330161F39E9D500579179 /* md_cmd_reg.h */,
				B2B330171F39E9D500579179 /* md_cmd_store.c */,
				B2B330181F39E9D500579179 /* md_cmd_store.h */,
				B2B330191F39E9D500579179 /* md_cmd.h */,
				B24052151EF9145000E36701 /* md_core.c */,
				B24052161EF9145000E36701 /* md_crypt.c */,
				B24052171EF9145000E36701 /* md_crypt.h */,
				B2B81ED11F164AA600E35CA3 /* md_curl.c */,
				B2B81ED21F164AA600E35CA3 /* md_curl.h */,
				B24052181EF9145000E36701 /* md_http.c */,
				B24052191EF9145000E36701 /* md_http.h */,
				B240521A1EF9145000E36701 /* md_json.c */,
				B240521B1EF9145000E36701 /* md_json.h */,
				B240521C1EF9145000E36701 /* md_jws.c */,
				B240521D1EF9145000E36701 /* md_jws.h */,
				B240521E1EF9145000E36701 /* md_log.c */,
				B240521F1EF9145000E36701 /* md_log.h */,
				B24052211EF9145000E36701 /* md_reg.c */,
				B24052221EF9145000E36701 /* md_reg.h */,
				B2B81EBE1F0F981C00E35CA3 /* md_store_fs.c */,
				B2B81EBF1F0F981C00E35CA3 /* md_store_fs.h */,
				B2B81EC01F0F998F00E35CA3 /* md_store.c */,
				B24052241EF9145000E36701 /* md_store.h */,
				B24052251EF9145000E36701 /* md_util.c */,
				B24052261EF9145000E36701 /* md_util.h */,
				B24052271EF9145000E36701 /* md_version.h */,
				B24052281EF9145000E36701 /* md_version.h.in */,
				B24052291EF9145000E36701 /* md.h */,
				B2B3300C1F39E5BD00579179 /* mod_md_config.c */,
				B2B3300D1F39E5BD00579179 /* mod_md_config.h */,
				B2B3300E1F39E5BD00579179 /* mod_md_os.c */,
				B2B3300F1F39E5BD00579179 /* mod_md_os.h */,
				B24052201EF9145000E36701 /* mod_md_private.h */,
				B2B330101F39E5BD00579179 /* mod_md.c */,
				B2B330111F39E5BD00579179 /* mod_md.h */,
			);
			path = src;
			sourceTree = SOURCE_ROOT;
		};
/* End PBXGroup section */

/* Begin PBXLegacyTarget section */
		B203333C1EDEC7FE00E5BE7E /* mod_md */ = {
			isa = PBXLegacyTarget;
			buildArgumentsString = "$(ACTION)";
			buildConfigurationList = B203333F1EDEC7FE00E5BE7E /* Build configuration list for PBXLegacyTarget "mod_md" */;
			buildPhases = (
			);
			buildToolPath = /usr/bin/make;
			buildWorkingDirectory = /Users/sei/projects/mod_md/mod_md;
			dependencies = (
			);
			name = mod_md;
			passBuildSettingsInEnvironment = 1;
			productName = mod_md;
		};
		B20333441EDECBE000E5BE7E /* mod_md test */ = {
			isa = PBXLegacyTarget;
			buildArgumentsString = "$(ACTION) test";
			buildConfigurationList = B20333451EDECBE000E5BE7E /* Build configuration list for PBXLegacyTarget "mod_md test" */;
			buildPhases = (
			);
			buildToolPath = /usr/bin/make;
			buildWorkingDirectory = "";
			dependencies = (
			);
			name = "mod_md test";
			passBuildSettingsInEnvironment = 1;
			productName = "mod_md test";
		};
		B240522C1EF9223300E36701 /* a2md */ = {
			isa = PBXLegacyTarget;
			buildArgumentsString = "$(ACTION)";
			buildConfigurationList = B240522D1EF9223300E36701 /* Build configuration list for PBXLegacyTarget "a2md" */;
			buildPhases = (
			);
			buildToolPath = /usr/bin/make;
			buildWorkingDirectory = /Users/sei/projects/mod_md/a2md;
			dependencies = (
			);
			name = a2md;
			passBuildSettingsInEnvironment = 1;
			productName = mod_md;
		};
		B2B81EBA1F0E693500E35CA3 /* lib */ = {
			isa = PBXLegacyTarget;
			buildArgumentsString = "$(ACTION)";
			buildConfigurationList = B2B81EBB1F0E693500E35CA3 /* Build configuration list for PBXLegacyTarget "lib" */;
			buildPhases = (
			);
			buildToolPath = /usr/bin/make;
			buildWorkingDirectory = /Users/sei/projects/mod_md/src;
			dependencies = (
			);
			name = lib;
			passBuildSettingsInEnvironment = 1;
			productName = lib;
		};
/* End PBXLegacyTarget section */

/* Begin PBXProject section */
		B27BBD201A65757700C58A41 /* Project object */ = {
			isa = PBXProject;
			attributes = {
				LastUpgradeCheck = 0800;
				TargetAttributes = {
					B203333C1EDEC7FE00E5BE7E = {
						CreatedOnToolsVersion = 8.3;
						ProvisioningStyle = Automatic;
					};
					B20333441EDECBE000E5BE7E = {
						CreatedOnToolsVersion = 8.3;
						ProvisioningStyle = Automatic;
					};
					B2B81EBA1F0E693500E35CA3 = {
						CreatedOnToolsVersion = 8.3.3;
						ProvisioningStyle = Automatic;
					};
				};
			};
			buildConfigurationList = B27BBD231A65757700C58A41 /* Build configuration list for PBXProject "mod_md" */;
			compatibilityVersion = "Xcode 3.2";
			developmentRegion = English;
			hasScannedForEncodings = 0;
			knownRegions = (
				en,
			);
			mainGroup = B2D3099E1EBA227F007BECC8 /* /Users/sei/projects/mod_cert/mod_cert.xcodeproj */;
			productRefGroup = B2D3099E1EBA227F007BECC8 /* /Users/sei/projects/mod_cert/mod_cert.xcodeproj */;
			projectDirPath = "";
			projectRoot = "";
			targets = (
				B240522C1EF9223300E36701 /* a2md */,
				B203333C1EDEC7FE00E5BE7E /* mod_md */,
				B20333441EDECBE000E5BE7E /* mod_md test */,
				B2B81EBA1F0E693500E35CA3 /* lib */,
			);
		};
/* End PBXProject section */

/* Begin XCBuildConfiguration section */
		B203333D1EDEC7FE00E5BE7E /* Debug */ = {
			isa = XCBuildConfiguration;
			buildSettings = {
				ALWAYS_SEARCH_USER_PATHS = NO;
				CLANG_ANALYZER_NONNULL = YES;
				CLANG_ANALYZER_NUMBER_OBJECT_CONVERSION = YES_AGGRESSIVE;
				CLANG_CXX_LANGUAGE_STANDARD = "gnu++0x";
				CLANG_CXX_LIBRARY = "libc++";
				CLANG_ENABLE_MODULES = YES;
				CLANG_ENABLE_OBJC_ARC = YES;
				CLANG_WARN_DIRECT_OBJC_ISA_USAGE = YES_ERROR;
				CLANG_WARN_DOCUMENTATION_COMMENTS = YES;
				CLANG_WARN_OBJC_ROOT_CLASS = YES_ERROR;
				COPY_PHASE_STRIP = NO;
				DEBUGGING_SYMBOLS = YES;
				DEBUG_INFORMATION_FORMAT = dwarf;
				GCC_C_LANGUAGE_STANDARD = gnu99;
				GCC_DYNAMIC_NO_PIC = NO;
				GCC_GENERATE_DEBUGGING_SYMBOLS = YES;
				GCC_OPTIMIZATION_LEVEL = 0;
				GCC_PREPROCESSOR_DEFINITIONS = (
					"DEBUG=1",
					"$(inherited)",
				);
				GCC_WARN_ABOUT_RETURN_TYPE = YES_ERROR;
				GCC_WARN_UNINITIALIZED_AUTOS = YES_AGGRESSIVE;
				MTL_ENABLE_DEBUG_INFO = YES;
				OTHER_CFLAGS = "";
				OTHER_LDFLAGS = "";
				PRODUCT_NAME = "$(TARGET_NAME)";
			};
			name = Debug;
		};
		B203333E1EDEC7FE00E5BE7E /* Release */ = {
			isa = XCBuildConfiguration;
			buildSettings = {
				ALWAYS_SEARCH_USER_PATHS = NO;
				CLANG_ANALYZER_NONNULL = YES;
				CLANG_ANALYZER_NUMBER_OBJECT_CONVERSION = YES_AGGRESSIVE;
				CLANG_CXX_LANGUAGE_STANDARD = "gnu++0x";
				CLANG_CXX_LIBRARY = "libc++";
				CLANG_ENABLE_MODULES = YES;
				CLANG_ENABLE_OBJC_ARC = YES;
				CLANG_WARN_DIRECT_OBJC_ISA_USAGE = YES_ERROR;
				CLANG_WARN_DOCUMENTATION_COMMENTS = YES;
				CLANG_WARN_OBJC_ROOT_CLASS = YES_ERROR;
				COPY_PHASE_STRIP = NO;
				DEBUG_INFORMATION_FORMAT = "dwarf-with-dsym";
				ENABLE_NS_ASSERTIONS = NO;
				GCC_C_LANGUAGE_STANDARD = gnu99;
				GCC_WARN_ABOUT_RETURN_TYPE = YES_ERROR;
				GCC_WARN_UNINITIALIZED_AUTOS = YES_AGGRESSIVE;
				MTL_ENABLE_DEBUG_INFO = NO;
				OTHER_CFLAGS = "";
				OTHER_LDFLAGS = "";
				PRODUCT_NAME = "$(TARGET_NAME)";
			};
			name = Release;
		};
		B20333461EDECBE000E5BE7E /* Debug */ = {
			isa = XCBuildConfiguration;
			buildSettings = {
				ALWAYS_SEARCH_USER_PATHS = NO;
				CLANG_ANALYZER_NONNULL = YES;
				CLANG_ANALYZER_NUMBER_OBJECT_CONVERSION = YES_AGGRESSIVE;
				CLANG_CXX_LANGUAGE_STANDARD = "gnu++0x";
				CLANG_CXX_LIBRARY = "libc++";
				CLANG_ENABLE_MODULES = YES;
				CLANG_ENABLE_OBJC_ARC = YES;
				CLANG_WARN_DIRECT_OBJC_ISA_USAGE = YES_ERROR;
				CLANG_WARN_DOCUMENTATION_COMMENTS = YES;
				CLANG_WARN_OBJC_ROOT_CLASS = YES_ERROR;
				COPY_PHASE_STRIP = NO;
				DEBUGGING_SYMBOLS = YES;
				DEBUG_INFORMATION_FORMAT = dwarf;
				GCC_C_LANGUAGE_STANDARD = gnu99;
				GCC_DYNAMIC_NO_PIC = NO;
				GCC_GENERATE_DEBUGGING_SYMBOLS = YES;
				GCC_OPTIMIZATION_LEVEL = 0;
				GCC_PREPROCESSOR_DEFINITIONS = (
					"DEBUG=1",
					"$(inherited)",
				);
				GCC_WARN_ABOUT_RETURN_TYPE = YES_ERROR;
				GCC_WARN_UNINITIALIZED_AUTOS = YES_AGGRESSIVE;
				MTL_ENABLE_DEBUG_INFO = YES;
				OTHER_CFLAGS = "";
				OTHER_LDFLAGS = "";
				PRODUCT_NAME = "$(TARGET_NAME)";
			};
			name = Debug;
		};
		B20333471EDECBE000E5BE7E /* Release */ = {
			isa = XCBuildConfiguration;
			buildSettings = {
				ALWAYS_SEARCH_USER_PATHS = NO;
				CLANG_ANALYZER_NONNULL = YES;
				CLANG_ANALYZER_NUMBER_OBJECT_CONVERSION = YES_AGGRESSIVE;
				CLANG_CXX_LANGUAGE_STANDARD = "gnu++0x";
				CLANG_CXX_LIBRARY = "libc++";
				CLANG_ENABLE_MODULES = YES;
				CLANG_ENABLE_OBJC_ARC = YES;
				CLANG_WARN_DIRECT_OBJC_ISA_USAGE = YES_ERROR;
				CLANG_WARN_DOCUMENTATION_COMMENTS = YES;
				CLANG_WARN_OBJC_ROOT_CLASS = YES_ERROR;
				COPY_PHASE_STRIP = NO;
				DEBUG_INFORMATION_FORMAT = "dwarf-with-dsym";
				ENABLE_NS_ASSERTIONS = NO;
				GCC_C_LANGUAGE_STANDARD = gnu99;
				GCC_WARN_ABOUT_RETURN_TYPE = YES_ERROR;
				GCC_WARN_UNINITIALIZED_AUTOS = YES_AGGRESSIVE;
				MTL_ENABLE_DEBUG_INFO = NO;
				OTHER_CFLAGS = "";
				OTHER_LDFLAGS = "";
				PRODUCT_NAME = "$(TARGET_NAME)";
			};
			name = Release;
		};
		B240522E1EF9223300E36701 /* Debug */ = {
			isa = XCBuildConfiguration;
			buildSettings = {
				ALWAYS_SEARCH_USER_PATHS = NO;
				CLANG_ANALYZER_NONNULL = YES;
				CLANG_ANALYZER_NUMBER_OBJECT_CONVERSION = YES_AGGRESSIVE;
				CLANG_CXX_LANGUAGE_STANDARD = "gnu++0x";
				CLANG_CXX_LIBRARY = "libc++";
				CLANG_ENABLE_MODULES = YES;
				CLANG_ENABLE_OBJC_ARC = YES;
				CLANG_WARN_DIRECT_OBJC_ISA_USAGE = YES_ERROR;
				CLANG_WARN_DOCUMENTATION_COMMENTS = YES;
				CLANG_WARN_OBJC_ROOT_CLASS = YES_ERROR;
				COPY_PHASE_STRIP = NO;
				DEBUGGING_SYMBOLS = YES;
				DEBUG_INFORMATION_FORMAT = dwarf;
				GCC_C_LANGUAGE_STANDARD = gnu99;
				GCC_DYNAMIC_NO_PIC = NO;
				GCC_GENERATE_DEBUGGING_SYMBOLS = YES;
				GCC_OPTIMIZATION_LEVEL = 0;
				GCC_PREPROCESSOR_DEFINITIONS = (
					"DEBUG=1",
					"$(inherited)",
				);
				GCC_WARN_ABOUT_RETURN_TYPE = YES_ERROR;
				GCC_WARN_UNINITIALIZED_AUTOS = YES_AGGRESSIVE;
				MTL_ENABLE_DEBUG_INFO = YES;
				OTHER_CFLAGS = "";
				OTHER_LDFLAGS = "";
				PRODUCT_NAME = "$(TARGET_NAME)";
			};
			name = Debug;
		};
		B240522F1EF9223300E36701 /* Release */ = {
			isa = XCBuildConfiguration;
			buildSettings = {
				ALWAYS_SEARCH_USER_PATHS = NO;
				CLANG_ANALYZER_NONNULL = YES;
				CLANG_ANALYZER_NUMBER_OBJECT_CONVERSION = YES_AGGRESSIVE;
				CLANG_CXX_LANGUAGE_STANDARD = "gnu++0x";
				CLANG_CXX_LIBRARY = "libc++";
				CLANG_ENABLE_MODULES = YES;
				CLANG_ENABLE_OBJC_ARC = YES;
				CLANG_WARN_DIRECT_OBJC_ISA_USAGE = YES_ERROR;
				CLANG_WARN_DOCUMENTATION_COMMENTS = YES;
				CLANG_WARN_OBJC_ROOT_CLASS = YES_ERROR;
				COPY_PHASE_STRIP = NO;
				DEBUG_INFORMATION_FORMAT = "dwarf-with-dsym";
				ENABLE_NS_ASSERTIONS = NO;
				GCC_C_LANGUAGE_STANDARD = gnu99;
				GCC_WARN_ABOUT_RETURN_TYPE = YES_ERROR;
				GCC_WARN_UNINITIALIZED_AUTOS = YES_AGGRESSIVE;
				MTL_ENABLE_DEBUG_INFO = NO;
				OTHER_CFLAGS = "";
				OTHER_LDFLAGS = "";
				PRODUCT_NAME = "$(TARGET_NAME)";
			};
			name = Release;
		};
		B27BBD241A65757700C58A41 /* Debug */ = {
			isa = XCBuildConfiguration;
			buildSettings = {
				BuildMake = "";
				CLANG_WARN_BOOL_CONVERSION = YES;
				CLANG_WARN_CONSTANT_CONVERSION = YES;
				CLANG_WARN_EMPTY_BODY = YES;
				CLANG_WARN_ENUM_CONVERSION = YES;
				CLANG_WARN_INFINITE_RECURSION = YES;
				CLANG_WARN_INT_CONVERSION = YES;
				CLANG_WARN_SUSPICIOUS_MOVE = YES;
				CLANG_WARN_UNREACHABLE_CODE = YES;
				CLANG_WARN__DUPLICATE_METHOD_MATCH = YES;
				ENABLE_STRICT_OBJC_MSGSEND = YES;
				ENABLE_TESTABILITY = YES;
				GCC_NO_COMMON_BLOCKS = YES;
				GCC_WARN_64_TO_32_BIT_CONVERSION = YES;
				GCC_WARN_ABOUT_RETURN_TYPE = YES;
				GCC_WARN_UNDECLARED_SELECTOR = YES;
				GCC_WARN_UNINITIALIZED_AUTOS = YES;
				GCC_WARN_UNUSED_FUNCTION = YES;
				GCC_WARN_UNUSED_VARIABLE = YES;
				MACOSX_DEPLOYMENT_TARGET = 10.9;
				ONLY_ACTIVE_ARCH = YES;
			};
			name = Debug;
		};
		B27BBD251A65757700C58A41 /* Release */ = {
			isa = XCBuildConfiguration;
			buildSettings = {
				BuildMake = "";
				CLANG_WARN_BOOL_CONVERSION = YES;
				CLANG_WARN_CONSTANT_CONVERSION = YES;
				CLANG_WARN_EMPTY_BODY = YES;
				CLANG_WARN_ENUM_CONVERSION = YES;
				CLANG_WARN_INFINITE_RECURSION = YES;
				CLANG_WARN_INT_CONVERSION = YES;
				CLANG_WARN_SUSPICIOUS_MOVE = YES;
				CLANG_WARN_UNREACHABLE_CODE = YES;
				CLANG_WARN__DUPLICATE_METHOD_MATCH = YES;
				ENABLE_STRICT_OBJC_MSGSEND = YES;
				GCC_NO_COMMON_BLOCKS = YES;
				GCC_WARN_64_TO_32_BIT_CONVERSION = YES;
				GCC_WARN_ABOUT_RETURN_TYPE = YES;
				GCC_WARN_UNDECLARED_SELECTOR = YES;
				GCC_WARN_UNINITIALIZED_AUTOS = YES;
				GCC_WARN_UNUSED_FUNCTION = YES;
				GCC_WARN_UNUSED_VARIABLE = YES;
				MACOSX_DEPLOYMENT_TARGET = 10.9;
			};
			name = Release;
		};
		B2B81EBC1F0E693500E35CA3 /* Debug */ = {
			isa = XCBuildConfiguration;
			buildSettings = {
				ALWAYS_SEARCH_USER_PATHS = NO;
				CLANG_ANALYZER_NONNULL = YES;
				CLANG_ANALYZER_NUMBER_OBJECT_CONVERSION = YES_AGGRESSIVE;
				CLANG_CXX_LANGUAGE_STANDARD = "gnu++0x";
				CLANG_CXX_LIBRARY = "libc++";
				CLANG_ENABLE_MODULES = YES;
				CLANG_ENABLE_OBJC_ARC = YES;
				CLANG_WARN_DIRECT_OBJC_ISA_USAGE = YES_ERROR;
				CLANG_WARN_DOCUMENTATION_COMMENTS = YES;
				CLANG_WARN_OBJC_ROOT_CLASS = YES_ERROR;
				COPY_PHASE_STRIP = NO;
				DEBUGGING_SYMBOLS = YES;
				DEBUG_INFORMATION_FORMAT = dwarf;
				GCC_C_LANGUAGE_STANDARD = gnu99;
				GCC_DYNAMIC_NO_PIC = NO;
				GCC_GENERATE_DEBUGGING_SYMBOLS = YES;
				GCC_OPTIMIZATION_LEVEL = 0;
				GCC_PREPROCESSOR_DEFINITIONS = (
					"DEBUG=1",
					"$(inherited)",
				);
				GCC_WARN_ABOUT_RETURN_TYPE = YES_ERROR;
				GCC_WARN_UNINITIALIZED_AUTOS = YES_AGGRESSIVE;
				MTL_ENABLE_DEBUG_INFO = YES;
				OTHER_CFLAGS = "";
				OTHER_LDFLAGS = "";
				PRODUCT_NAME = "$(TARGET_NAME)";
			};
			name = Debug;
		};
		B2B81EBD1F0E693500E35CA3 /* Release */ = {
			isa = XCBuildConfiguration;
			buildSettings = {
				ALWAYS_SEARCH_USER_PATHS = NO;
				CLANG_ANALYZER_NONNULL = YES;
				CLANG_ANALYZER_NUMBER_OBJECT_CONVERSION = YES_AGGRESSIVE;
				CLANG_CXX_LANGUAGE_STANDARD = "gnu++0x";
				CLANG_CXX_LIBRARY = "libc++";
				CLANG_ENABLE_MODULES = YES;
				CLANG_ENABLE_OBJC_ARC = YES;
				CLANG_WARN_DIRECT_OBJC_ISA_USAGE = YES_ERROR;
				CLANG_WARN_DOCUMENTATION_COMMENTS = YES;
				CLANG_WARN_OBJC_ROOT_CLASS = YES_ERROR;
				COPY_PHASE_STRIP = NO;
				DEBUG_INFORMATION_FORMAT = "dwarf-with-dsym";
				ENABLE_NS_ASSERTIONS = NO;
				GCC_C_LANGUAGE_STANDARD = gnu99;
				GCC_WARN_ABOUT_RETURN_TYPE = YES_ERROR;
				GCC_WARN_UNINITIALIZED_AUTOS = YES_AGGRESSIVE;
				MTL_ENABLE_DEBUG_INFO = NO;
				OTHER_CFLAGS = "";
				OTHER_LDFLAGS = "";
				PRODUCT_NAME = "$(TARGET_NAME)";
			};
			name = Release;
		};
/* End XCBuildConfiguration section */

/* Begin XCConfigurationList section */
		B203333F1EDEC7FE00E5BE7E /* Build configuration list for PBXLegacyTarget "mod_md" */ = {
			isa = XCConfigurationList;
			buildConfigurations = (
				B203333D1EDEC7FE00E5BE7E /* Debug */,
				B203333E1EDEC7FE00E5BE7E /* Release */,
			);
			defaultConfigurationIsVisible = 0;
			defaultConfigurationName = Release;
		};
		B20333451EDECBE000E5BE7E /* Build configuration list for PBXLegacyTarget "mod_md test" */ = {
			isa = XCConfigurationList;
			buildConfigurations = (
				B20333461EDECBE000E5BE7E /* Debug */,
				B20333471EDECBE000E5BE7E /* Release */,
			);
			defaultConfigurationIsVisible = 0;
			defaultConfigurationName = Release;
		};
		B240522D1EF9223300E36701 /* Build configuration list for PBXLegacyTarget "a2md" */ = {
			isa = XCConfigurationList;
			buildConfigurations = (
				B240522E1EF9223300E36701 /* Debug */,
				B240522F1EF9223300E36701 /* Release */,
			);
			defaultConfigurationIsVisible = 0;
			defaultConfigurationName = Release;
		};
		B27BBD231A65757700C58A41 /* Build configuration list for PBXProject "mod_md" */ = {
			isa = XCConfigurationList;
			buildConfigurations = (
				B27BBD241A65757700C58A41 /* Debug */,
				B27BBD251A65757700C58A41 /* Release */,
			);
			defaultConfigurationIsVisible = 0;
			defaultConfigurationName = Release;
		};
		B2B81EBB1F0E693500E35CA3 /* Build configuration list for PBXLegacyTarget "lib" */ = {
			isa = XCConfigurationList;
			buildConfigurations = (
				B2B81EBC1F0E693500E35CA3 /* Debug */,
				B2B81EBD1F0E693500E35CA3 /* Release */,
			);
			defaultConfigurationIsVisible = 0;
			defaultConfigurationName = Release;
		};
/* End XCConfigurationList section */
	};
	rootObject = B27BBD201A65757700C58A41 /* Project object */;
}
