// !$*UTF8*$!
{
	archiveVersion = 1;
	classes = {
	};
	objectVersion = 46;
	objects = {

/* Begin PBXFileReference section */
		B2BCAB761ECD8FB0002F4EB9 /* test_regs.py */ = {isa = PBXFileReference; lastKnownFileType = text.script.python; path = test_regs.py; sourceTree = "<group>"; };
		B2BCAB771ECF2A2E002F4EB9 /* md_acme_authz.c */ = {isa = PBXFileReference; lastKnownFileType = sourcecode.c.c; path = md_acme_authz.c; sourceTree = "<group>"; };
		B2BCAB781ECF2A2E002F4EB9 /* md_acme_authz.h */ = {isa = PBXFileReference; lastKnownFileType = sourcecode.c.h; path = md_acme_authz.h; sourceTree = "<group>"; };
		B2BCAB791ED31D75002F4EB9 /* test_tos.py */ = {isa = PBXFileReference; lastKnownFileType = text.script.python; path = test_tos.py; sourceTree = "<group>"; };
		B2D3099F1EBA229F007BECC8 /* aclocal.m4 */ = {isa = PBXFileReference; lastKnownFileType = text; path = aclocal.m4; sourceTree = SOURCE_ROOT; };
		B2D309A01EBA229F007BECC8 /* AUTHORS */ = {isa = PBXFileReference; lastKnownFileType = text; path = AUTHORS; sourceTree = SOURCE_ROOT; };
		B2D309A11EBA229F007BECC8 /* ChangeLog */ = {isa = PBXFileReference; lastKnownFileType = text; path = ChangeLog; sourceTree = SOURCE_ROOT; };
		B2D309A21EBA229F007BECC8 /* configure.ac */ = {isa = PBXFileReference; lastKnownFileType = text; path = configure.ac; sourceTree = SOURCE_ROOT; };
		B2D309A31EBA229F007BECC8 /* COPYING */ = {isa = PBXFileReference; lastKnownFileType = text; path = COPYING; sourceTree = SOURCE_ROOT; };
		B2D309A41EBA229F007BECC8 /* DISCUSS */ = {isa = PBXFileReference; lastKnownFileType = text; path = DISCUSS; sourceTree = SOURCE_ROOT; };
		B2D309A51EBA229F007BECC8 /* INSTALL */ = {isa = PBXFileReference; lastKnownFileType = text; path = INSTALL; sourceTree = SOURCE_ROOT; };
		B2D309A61EBA229F007BECC8 /* LICENSE */ = {isa = PBXFileReference; lastKnownFileType = text; path = LICENSE; sourceTree = SOURCE_ROOT; };
		B2D309A71EBA229F007BECC8 /* Makefile.am */ = {isa = PBXFileReference; lastKnownFileType = text; path = Makefile.am; sourceTree = SOURCE_ROOT; };
		B2D309A81EBA229F007BECC8 /* NEWS */ = {isa = PBXFileReference; lastKnownFileType = text; path = NEWS; sourceTree = SOURCE_ROOT; };
		B2D309A91EBA229F007BECC8 /* README */ = {isa = PBXFileReference; lastKnownFileType = text; path = README; sourceTree = SOURCE_ROOT; };
		B2D309AA1EBA229F007BECC8 /* README.md */ = {isa = PBXFileReference; lastKnownFileType = net.daringfireball.markdown; path = README.md; sourceTree = SOURCE_ROOT; };
		B2D309D61EBA2384007BECC8 /* Makefile.am */ = {isa = PBXFileReference; lastKnownFileType = text; path = Makefile.am; sourceTree = "<group>"; };
		B2D309D71EBA2384007BECC8 /* mod_md.c */ = {isa = PBXFileReference; lastKnownFileType = sourcecode.c.c; path = mod_md.c; sourceTree = "<group>"; };
		B2D309D81EBA2384007BECC8 /* mod_md.h */ = {isa = PBXFileReference; lastKnownFileType = sourcecode.c.h; path = mod_md.h; sourceTree = "<group>"; };
		B2D309D91EBA25B5007BECC8 /* md_version.h */ = {isa = PBXFileReference; lastKnownFileType = sourcecode.c.h; path = md_version.h; sourceTree = "<group>"; };
		B2D309DA1EBA25B5007BECC8 /* md_version.h.in */ = {isa = PBXFileReference; lastKnownFileType = text; path = md_version.h.in; sourceTree = "<group>"; };
		B2D309DC1EBB5488007BECC8 /* md_config.c */ = {isa = PBXFileReference; lastKnownFileType = sourcecode.c.c; path = md_config.c; sourceTree = "<group>"; };
		B2D309DD1EBB5488007BECC8 /* md_config.h */ = {isa = PBXFileReference; lastKnownFileType = sourcecode.c.h; path = md_config.h; sourceTree = "<group>"; };
		B2D309DE1EBB6600007BECC8 /* md_private.h */ = {isa = PBXFileReference; lastKnownFileType = sourcecode.c.h; path = md_private.h; sourceTree = "<group>"; };
		B2D309DF1EBB676C007BECC8 /* md.h */ = {isa = PBXFileReference; lastKnownFileType = sourcecode.c.h; path = md.h; sourceTree = "<group>"; };
		B2D309E01EBB6C38007BECC8 /* md_core.c */ = {isa = PBXFileReference; lastKnownFileType = sourcecode.c.c; path = md_core.c; sourceTree = "<group>"; };
		B2D309F71EC1AD26007BECC8 /* test.ini.in */ = {isa = PBXFileReference; lastKnownFileType = text; path = test.ini.in; sourceTree = "<group>"; };
		B2D309F81EC1AD26007BECC8 /* test_configs.py */ = {isa = PBXFileReference; lastKnownFileType = text.script.python; path = test_configs.py; sourceTree = "<group>"; };
		B2D31AEC1EC1B506007BECC8 /* mime.types */ = {isa = PBXFileReference; lastKnownFileType = text; path = mime.types; sourceTree = "<group>"; };
		B2D31AED1EC1B506007BECC8 /* test.conf */ = {isa = PBXFileReference; lastKnownFileType = text; path = test.conf; sourceTree = "<group>"; };
		B2D31AF41EC1B5C6007BECC8 /* modules.conf.in */ = {isa = PBXFileReference; lastKnownFileType = text; path = modules.conf.in; sourceTree = "<group>"; };
		B2D31AF61EC1B80D007BECC8 /* test_001.conf */ = {isa = PBXFileReference; lastKnownFileType = text; path = test_001.conf; sourceTree = "<group>"; };
		B2D31AF71EC1B80D007BECC8 /* test_002.conf */ = {isa = PBXFileReference; lastKnownFileType = text; path = test_002.conf; sourceTree = "<group>"; };
		B2D31AF81EC1B80D007BECC8 /* test_003.conf */ = {isa = PBXFileReference; lastKnownFileType = text; path = test_003.conf; sourceTree = "<group>"; };
		B2D31AF91EC1B80D007BECC8 /* test_004.conf */ = {isa = PBXFileReference; lastKnownFileType = text; path = test_004.conf; sourceTree = "<group>"; };
		B2D31AFA1EC1B80D007BECC8 /* test_005.conf */ = {isa = PBXFileReference; lastKnownFileType = text; path = test_005.conf; sourceTree = "<group>"; };
		B2D31AFB1EC1BC83007BECC8 /* httpd.conf.in */ = {isa = PBXFileReference; lastKnownFileType = text; path = httpd.conf.in; sourceTree = "<group>"; };
		B2D31AFC1EC1E868007BECC8 /* test_006.conf */ = {isa = PBXFileReference; lastKnownFileType = text; path = test_006.conf; sourceTree = "<group>"; };
		B2D31AFD1EC1E88B007BECC8 /* test_007.conf */ = {isa = PBXFileReference; lastKnownFileType = text; path = test_007.conf; sourceTree = "<group>"; };
		B2D31AFE1EC1E8BD007BECC8 /* test_008.conf */ = {isa = PBXFileReference; lastKnownFileType = text; path = test_008.conf; sourceTree = "<group>"; };
		B2D31AFF1EC1E8ED007BECC8 /* test_009.conf */ = {isa = PBXFileReference; lastKnownFileType = text; path = test_009.conf; sourceTree = "<group>"; };
		B2D31B001EC1F16F007BECC8 /* test_010.conf */ = {isa = PBXFileReference; lastKnownFileType = text; path = test_010.conf; sourceTree = "<group>"; };
		B2D31B011EC1F4CE007BECC8 /* test_011.conf */ = {isa = PBXFileReference; lastKnownFileType = text; path = test_011.conf; sourceTree = "<group>"; };
		B2D31B021EC1F54A007BECC8 /* test_012.conf */ = {isa = PBXFileReference; lastKnownFileType = text; path = test_012.conf; sourceTree = "<group>"; };
		B2D31B041EC20F63007BECC8 /* cert-template.conf */ = {isa = PBXFileReference; lastKnownFileType = text; path = "cert-template.conf"; sourceTree = "<group>"; };
		B2D31B051EC20F63007BECC8 /* extensions.conf */ = {isa = PBXFileReference; lastKnownFileType = text; path = extensions.conf; sourceTree = "<group>"; };
		B2D31B071EC33CBE007BECC8 /* Makefile.am */ = {isa = PBXFileReference; lastKnownFileType = text; path = Makefile.am; sourceTree = "<group>"; };
		B2D31B081EC33D77007BECC8 /* md_main.c */ = {isa = PBXFileReference; lastKnownFileType = sourcecode.c.c; path = md_main.c; sourceTree = "<group>"; };
		B2D31B091EC34449007BECC8 /* md_http.c */ = {isa = PBXFileReference; lastKnownFileType = sourcecode.c.c; path = md_http.c; sourceTree = "<group>"; };
		B2D31B0A1EC34449007BECC8 /* md_http.h */ = {isa = PBXFileReference; lastKnownFileType = sourcecode.c.h; path = md_http.h; sourceTree = "<group>"; };
		B2D31B0B1EC473CC007BECC8 /* md_json.c */ = {isa = PBXFileReference; lastKnownFileType = sourcecode.c.c; path = md_json.c; sourceTree = "<group>"; };
		B2D31B0C1EC473CC007BECC8 /* md_json.h */ = {isa = PBXFileReference; lastKnownFileType = sourcecode.c.h; path = md_json.h; sourceTree = "<group>"; };
		B2D31B0D1EC5BE4B007BECC8 /* md_acme.c */ = {isa = PBXFileReference; lastKnownFileType = sourcecode.c.c; path = md_acme.c; sourceTree = "<group>"; };
		B2D31B0E1EC5BE4B007BECC8 /* md_acme.h */ = {isa = PBXFileReference; lastKnownFileType = sourcecode.c.h; path = md_acme.h; sourceTree = "<group>"; };
		B2D31B0F1EC5D430007BECC8 /* md_acme_acct.c */ = {isa = PBXFileReference; lastKnownFileType = sourcecode.c.c; path = md_acme_acct.c; sourceTree = "<group>"; };
		B2D31B101EC5D430007BECC8 /* md_acme_acct.h */ = {isa = PBXFileReference; lastKnownFileType = sourcecode.c.h; path = md_acme_acct.h; sourceTree = "<group>"; };
		B2D31B111EC5D483007BECC8 /* md_acme_cert.c */ = {isa = PBXFileReference; lastKnownFileType = sourcecode.c.c; path = md_acme_cert.c; sourceTree = "<group>"; };
		B2D31B121EC5D483007BECC8 /* md_acme_cert.h */ = {isa = PBXFileReference; lastKnownFileType = sourcecode.c.h; path = md_acme_cert.h; sourceTree = "<group>"; };
		B2D31B131EC5F1EA007BECC8 /* md_util.c */ = {isa = PBXFileReference; lastKnownFileType = sourcecode.c.c; path = md_util.c; sourceTree = "<group>"; };
		B2D31B141EC5F1EA007BECC8 /* md_util.h */ = {isa = PBXFileReference; lastKnownFileType = sourcecode.c.h; path = md_util.h; sourceTree = "<group>"; };
		B2D31B151EC5F945007BECC8 /* md_crypt.c */ = {isa = PBXFileReference; lastKnownFileType = sourcecode.c.c; path = md_crypt.c; sourceTree = "<group>"; };
		B2D31B161EC5F945007BECC8 /* md_crypt.h */ = {isa = PBXFileReference; lastKnownFileType = sourcecode.c.h; path = md_crypt.h; sourceTree = "<group>"; };
		B2D31B171EC8756D007BECC8 /* md_jws.c */ = {isa = PBXFileReference; lastKnownFileType = sourcecode.c.c; path = md_jws.c; sourceTree = "<group>"; };
		B2D31B181EC8756D007BECC8 /* md_jws.h */ = {isa = PBXFileReference; lastKnownFileType = sourcecode.c.h; path = md_jws.h; sourceTree = "<group>"; };
		B2D31B191EC9EBC2007BECC8 /* md_log.c */ = {isa = PBXFileReference; lastKnownFileType = sourcecode.c.c; path = md_log.c; sourceTree = "<group>"; };
		B2D31B1A1EC9EBC2007BECC8 /* md_log.h */ = {isa = PBXFileReference; lastKnownFileType = sourcecode.c.h; path = md_log.h; sourceTree = "<group>"; };
/* End PBXFileReference section */

/* Begin PBXGroup section */
		B2D3099E1EBA227F007BECC8 /* /Users/sei/projects/mod_cert/mod_cert.xcodeproj */ = {
			isa = PBXGroup;
			children = (
				B2D3099F1EBA229F007BECC8 /* aclocal.m4 */,
				B2D309A01EBA229F007BECC8 /* AUTHORS */,
				B2D309A11EBA229F007BECC8 /* ChangeLog */,
				B2D309A21EBA229F007BECC8 /* configure.ac */,
				B2D309A31EBA229F007BECC8 /* COPYING */,
				B2D309A41EBA229F007BECC8 /* DISCUSS */,
				B2D309A51EBA229F007BECC8 /* INSTALL */,
				B2D309A61EBA229F007BECC8 /* LICENSE */,
				B2D309A71EBA229F007BECC8 /* Makefile.am */,
				B2D309AB1EBA2384007BECC8 /* mod_md */,
				B2D309A81EBA229F007BECC8 /* NEWS */,
				B2D309A91EBA229F007BECC8 /* README */,
				B2D309AA1EBA229F007BECC8 /* README.md */,
				B2D31B061EC33CBE007BECC8 /* src */,
				B2D309EF1EC1AD26007BECC8 /* test */,
			);
			path = /Users/sei/projects/mod_cert/mod_cert.xcodeproj;
			sourceTree = "<absolute>";
		};
		B2D309AB1EBA2384007BECC8 /* mod_md */ = {
			isa = PBXGroup;
			children = (
				B2D309D61EBA2384007BECC8 /* Makefile.am */,
				B2D31B0F1EC5D430007BECC8 /* md_acme_acct.c */,
				B2D31B101EC5D430007BECC8 /* md_acme_acct.h */,
				B2BCAB771ECF2A2E002F4EB9 /* md_acme_authz.c */,
				B2BCAB781ECF2A2E002F4EB9 /* md_acme_authz.h */,
				B2D31B111EC5D483007BECC8 /* md_acme_cert.c */,
				B2D31B121EC5D483007BECC8 /* md_acme_cert.h */,
				B2D31B0D1EC5BE4B007BECC8 /* md_acme.c */,
				B2D31B0E1EC5BE4B007BECC8 /* md_acme.h */,
				B2D309DC1EBB5488007BECC8 /* md_config.c */,
				B2D309DD1EBB5488007BECC8 /* md_config.h */,
				B2D309E01EBB6C38007BECC8 /* md_core.c */,
				B2D31B151EC5F945007BECC8 /* md_crypt.c */,
				B2D31B161EC5F945007BECC8 /* md_crypt.h */,
				B2D31B091EC34449007BECC8 /* md_http.c */,
				B2D31B0A1EC34449007BECC8 /* md_http.h */,
				B2D31B0B1EC473CC007BECC8 /* md_json.c */,
				B2D31B0C1EC473CC007BECC8 /* md_json.h */,
				B2D31B171EC8756D007BECC8 /* md_jws.c */,
				B2D31B181EC8756D007BECC8 /* md_jws.h */,
				B2D31B191EC9EBC2007BECC8 /* md_log.c */,
				B2D31B1A1EC9EBC2007BECC8 /* md_log.h */,
				B2D309DE1EBB6600007BECC8 /* md_private.h */,
				B2D31B131EC5F1EA007BECC8 /* md_util.c */,
				B2D31B141EC5F1EA007BECC8 /* md_util.h */,
				B2D309D91EBA25B5007BECC8 /* md_version.h */,
				B2D309DA1EBA25B5007BECC8 /* md_version.h.in */,
				B2D309DF1EBB676C007BECC8 /* md.h */,
				B2D309D71EBA2384007BECC8 /* mod_md.c */,
				B2D309D81EBA2384007BECC8 /* mod_md.h */,
			);
			path = mod_md;
			sourceTree = SOURCE_ROOT;
		};
		B2D309EF1EC1AD26007BECC8 /* test */ = {
			isa = PBXGroup;
			children = (
				B2D31AEA1EC1B506007BECC8 /* conf */,
				B2D31AF51EC1B80D007BECC8 /* test_configs_data */,
				B2D309F81EC1AD26007BECC8 /* test_configs.py */,
				B2BCAB761ECD8FB0002F4EB9 /* test_regs.py */,
				B2BCAB791ED31D75002F4EB9 /* test_tos.py */,
				B2D309F71EC1AD26007BECC8 /* test.ini.in */,
			);
			path = test;
			sourceTree = SOURCE_ROOT;
		};
		B2D31AEA1EC1B506007BECC8 /* conf */ = {
			isa = PBXGroup;
			children = (
				B2D31B031EC20F63007BECC8 /* ssl */,
				B2D31AFB1EC1BC83007BECC8 /* httpd.conf.in */,
				B2D31AEC1EC1B506007BECC8 /* mime.types */,
				B2D31AF41EC1B5C6007BECC8 /* modules.conf.in */,
				B2D31AED1EC1B506007BECC8 /* test.conf */,
			);
			path = conf;
			sourceTree = "<group>";
		};
		B2D31AF51EC1B80D007BECC8 /* test_configs_data */ = {
			isa = PBXGroup;
			children = (
				B2D31AF61EC1B80D007BECC8 /* test_001.conf */,
				B2D31AF71EC1B80D007BECC8 /* test_002.conf */,
				B2D31AF81EC1B80D007BECC8 /* test_003.conf */,
				B2D31AF91EC1B80D007BECC8 /* test_004.conf */,
				B2D31AFA1EC1B80D007BECC8 /* test_005.conf */,
				B2D31AFC1EC1E868007BECC8 /* test_006.conf */,
				B2D31AFD1EC1E88B007BECC8 /* test_007.conf */,
				B2D31AFE1EC1E8BD007BECC8 /* test_008.conf */,
				B2D31AFF1EC1E8ED007BECC8 /* test_009.conf */,
				B2D31B001EC1F16F007BECC8 /* test_010.conf */,
				B2D31B011EC1F4CE007BECC8 /* test_011.conf */,
				B2D31B021EC1F54A007BECC8 /* test_012.conf */,
			);
			path = test_configs_data;
			sourceTree = "<group>";
		};
		B2D31B031EC20F63007BECC8 /* ssl */ = {
			isa = PBXGroup;
			children = (
				B2D31B041EC20F63007BECC8 /* cert-template.conf */,
				B2D31B051EC20F63007BECC8 /* extensions.conf */,
			);
			path = ssl;
			sourceTree = "<group>";
		};
		B2D31B061EC33CBE007BECC8 /* src */ = {
			isa = PBXGroup;
			children = (
				B2D31B071EC33CBE007BECC8 /* Makefile.am */,
				B2D31B081EC33D77007BECC8 /* md_main.c */,
			);
			path = src;
			sourceTree = SOURCE_ROOT;
		};
/* End PBXGroup section */

/* Begin PBXProject section */
		B27BBD201A65757700C58A41 /* Project object */ = {
			isa = PBXProject;
			attributes = {
				LastUpgradeCheck = 0800;
			};
			buildConfigurationList = B27BBD231A65757700C58A41 /* Build configuration list for PBXProject "mod_md" */;
			compatibilityVersion = "Xcode 3.2";
			developmentRegion = English;
			hasScannedForEncodings = 0;
			knownRegions = (
				en,
			);
			mainGroup = B2D3099E1EBA227F007BECC8 /* /Users/sei/projects/mod_cert/mod_cert.xcodeproj */;
			projectDirPath = "";
			projectRoot = "";
			targets = (
			);
		};
/* End PBXProject section */

/* Begin XCBuildConfiguration section */
		B27BBD241A65757700C58A41 /* Debug */ = {
			isa = XCBuildConfiguration;
			buildSettings = {
				BuildMake = "";
				CLANG_WARN_BOOL_CONVERSION = YES;
				CLANG_WARN_CONSTANT_CONVERSION = YES;
				CLANG_WARN_EMPTY_BODY = YES;
				CLANG_WARN_ENUM_CONVERSION = YES;
				CLANG_WARN_INFINITE_RECURSION = YES;
				CLANG_WARN_INT_CONVERSION = YES;
				CLANG_WARN_SUSPICIOUS_MOVE = YES;
				CLANG_WARN_UNREACHABLE_CODE = YES;
				CLANG_WARN__DUPLICATE_METHOD_MATCH = YES;
				ENABLE_STRICT_OBJC_MSGSEND = YES;
				ENABLE_TESTABILITY = YES;
				GCC_NO_COMMON_BLOCKS = YES;
				GCC_WARN_64_TO_32_BIT_CONVERSION = YES;
				GCC_WARN_ABOUT_RETURN_TYPE = YES;
				GCC_WARN_UNDECLARED_SELECTOR = YES;
				GCC_WARN_UNINITIALIZED_AUTOS = YES;
				GCC_WARN_UNUSED_FUNCTION = YES;
				GCC_WARN_UNUSED_VARIABLE = YES;
				MACOSX_DEPLOYMENT_TARGET = 10.9;
				ONLY_ACTIVE_ARCH = YES;
			};
			name = Debug;
		};
		B27BBD251A65757700C58A41 /* Release */ = {
			isa = XCBuildConfiguration;
			buildSettings = {
				BuildMake = "";
				CLANG_WARN_BOOL_CONVERSION = YES;
				CLANG_WARN_CONSTANT_CONVERSION = YES;
				CLANG_WARN_EMPTY_BODY = YES;
				CLANG_WARN_ENUM_CONVERSION = YES;
				CLANG_WARN_INFINITE_RECURSION = YES;
				CLANG_WARN_INT_CONVERSION = YES;
				CLANG_WARN_SUSPICIOUS_MOVE = YES;
				CLANG_WARN_UNREACHABLE_CODE = YES;
				CLANG_WARN__DUPLICATE_METHOD_MATCH = YES;
				ENABLE_STRICT_OBJC_MSGSEND = YES;
				GCC_NO_COMMON_BLOCKS = YES;
				GCC_WARN_64_TO_32_BIT_CONVERSION = YES;
				GCC_WARN_ABOUT_RETURN_TYPE = YES;
				GCC_WARN_UNDECLARED_SELECTOR = YES;
				GCC_WARN_UNINITIALIZED_AUTOS = YES;
				GCC_WARN_UNUSED_FUNCTION = YES;
				GCC_WARN_UNUSED_VARIABLE = YES;
				MACOSX_DEPLOYMENT_TARGET = 10.9;
			};
			name = Release;
		};
/* End XCBuildConfiguration section */

/* Begin XCConfigurationList section */
		B27BBD231A65757700C58A41 /* Build configuration list for PBXProject "mod_md" */ = {
			isa = XCConfigurationList;
			buildConfigurations = (
				B27BBD241A65757700C58A41 /* Debug */,
				B27BBD251A65757700C58A41 /* Release */,
			);
			defaultConfigurationIsVisible = 0;
			defaultConfigurationName = Release;
		};
/* End XCConfigurationList section */
	};
	rootObject = B27BBD201A65757700C58A41 /* Project object */;
}
